// !$*UTF8*$!
{
	archiveVersion = 1;
	classes = {
	};
	objectVersion = 77;
	objects = {

/* Begin PBXBuildFile section */
		E27579952FD09CBE0083199D /* WipeDownApp.swift in Sources */ = {isa = PBXBuildFile; fileRef = E27579852FD09CBE0083199D /* WipeDownApp.swift */; };
		E27579962FD09CBF0083199D /* AppDefaults.swift in Sources */ = {isa = PBXBuildFile; fileRef = E27579872FD09CBE0083199F /* AppDefaults.swift */; };
		E27579962FD09CBF0083199A /* AppTheme.swift in Sources */ = {isa = PBXBuildFile; fileRef = E27579872FD09CBE0083199B /* AppTheme.swift */; };
		E27579962FD09CBE0083199D /* ComposableArchitecture.swift in Sources */ = {isa = PBXBuildFile; fileRef = E27579872FD09CBE0083199D /* ComposableArchitecture.swift */; };
		E27579972FD09CBE0083199D /* PreferencesView.swift in Sources */ = {isa = PBXBuildFile; fileRef = E27579892FD09CBE0083199D /* PreferencesView.swift */; };
		E27579982FD09CBE0083199D /* UnlockOverlayView.swift in Sources */ = {isa = PBXBuildFile; fileRef = E275798A2FD09CBE0083199D /* UnlockOverlayView.swift */; };
		E27579982FD09CBE008319FA /* TestDimOverlayView.swift in Sources */ = {isa = PBXBuildFile; fileRef = E275798A2FD09CBE008319FA /* TestDimOverlayView.swift */; };
		E27579982FD09CBE008319FB /* TestBlockOverlayView.swift in Sources */ = {isa = PBXBuildFile; fileRef = E275798A2FD09CBE008319FB /* TestBlockOverlayView.swift */; };
		E27579982FD09CBE008319FC /* TestKeyboardBacklightOverlayView.swift in Sources */ = {isa = PBXBuildFile; fileRef = E275798A2FD09CBE008319FC /* TestKeyboardBacklightOverlayView.swift */; };
		E27579992FD09CBE0083199D /* WipeDownFeature.swift in Sources */ = {isa = PBXBuildFile; fileRef = E275798B2FD09CBE0083199D /* WipeDownFeature.swift */; };
		E275799A2FD09CBE0083199D /* LockManager.swift in Sources */ = {isa = PBXBuildFile; fileRef = E27579902FD09CBE0083199D /* LockManager.swift */; };
		E275799A2FD09CBE008319FA /* LockTouchBarController.swift in Sources */ = {isa = PBXBuildFile; fileRef = E27579902FD09CBE008319FA /* LockTouchBarController.swift */; };
		E275799A2FD09CBE008319FB /* DisplayBrightnessController.swift in Sources */ = {isa = PBXBuildFile; fileRef = E27579902FD09CBE008319FB /* DisplayBrightnessController.swift */; };
		E275799A2FD09CBE008319FC /* KeyboardBrightnessController.swift in Sources */ = {isa = PBXBuildFile; fileRef = E27579902FD09CBE008319FC /* KeyboardBrightnessController.swift */; };
		E275799B2FD09CBE0083199D /* OverlayWindow.swift in Sources */ = {isa = PBXBuildFile; fileRef = E27579922FD09CBE0083199D /* OverlayWindow.swift */; };
		E275799C2FD09CBE0083199D /* Assets.xcassets in Resources */ = {isa = PBXBuildFile; fileRef = E275798E2FD09CBE0083199D /* Assets.xcassets */; };
		E30000000000000000000030 /* Localizable.xcstrings in Resources */ = {isa = PBXBuildFile; fileRef = E30000000000000000000130 /* Localizable.xcstrings */; };
		E30000000000000000000001 /* LockSettingsFeature.swift in Sources */ = {isa = PBXBuildFile; fileRef = E30000000000000000000101 /* LockSettingsFeature.swift */; };
		E30000000000000000000002 /* PreferencesFeature.swift in Sources */ = {isa = PBXBuildFile; fileRef = E30000000000000000000102 /* PreferencesFeature.swift */; };
		E30000000000000000000003 /* AppSettingsFeature.swift in Sources */ = {isa = PBXBuildFile; fileRef = E30000000000000000000103 /* AppSettingsFeature.swift */; };
		E30000000000000000000004 /* AboutFeature.swift in Sources */ = {isa = PBXBuildFile; fileRef = E30000000000000000000104 /* AboutFeature.swift */; };
		E30000000000000000000006 /* LockSettingsView.swift in Sources */ = {isa = PBXBuildFile; fileRef = E30000000000000000000106 /* LockSettingsView.swift */; };
		E30000000000000000000007 /* AppSettingsView.swift in Sources */ = {isa = PBXBuildFile; fileRef = E30000000000000000000107 /* AppSettingsView.swift */; };
		E30000000000000000000008 /* AboutView.swift in Sources */ = {isa = PBXBuildFile; fileRef = E30000000000000000000108 /* AboutView.swift */; };
		E30000000000000000000011 /* PreferencesSection.swift in Sources */ = {isa = PBXBuildFile; fileRef = E30000000000000000000111 /* PreferencesSection.swift */; };
		E30000000000000000000013 /* GlassCard.swift in Sources */ = {isa = PBXBuildFile; fileRef = E30000000000000000000113 /* GlassCard.swift */; };
		E30000000000000000000014 /* RowLayouts.swift in Sources */ = {isa = PBXBuildFile; fileRef = E30000000000000000000114 /* RowLayouts.swift */; };
		E30000000000000000000017 /* ToggleRow.swift in Sources */ = {isa = PBXBuildFile; fileRef = E30000000000000000000117 /* ToggleRow.swift */; };
		E30000000000000000000018 /* ButtonRow.swift in Sources */ = {isa = PBXBuildFile; fileRef = E30000000000000000000118 /* ButtonRow.swift */; };
		E30000000000000000000019 /* SliderRow.swift in Sources */ = {isa = PBXBuildFile; fileRef = E30000000000000000000119 /* SliderRow.swift */; };
/* End PBXBuildFile section */

/* Begin PBXFileReference section */
		E27579852FD09CBE0083199D /* WipeDownApp.swift */ = {isa = PBXFileReference; lastKnownFileType = sourcecode.swift; path = WipeDownApp.swift; sourceTree = "<group>"; };
		E27579872FD09CBE0083199F /* AppDefaults.swift */ = {isa = PBXFileReference; lastKnownFileType = sourcecode.swift; path = AppDefaults.swift; sourceTree = "<group>"; };
		E27579872FD09CBE0083199B /* AppTheme.swift */ = {isa = PBXFileReference; lastKnownFileType = sourcecode.swift; path = AppTheme.swift; sourceTree = "<group>"; };
		E27579872FD09CBE0083199D /* ComposableArchitecture.swift */ = {isa = PBXFileReference; lastKnownFileType = sourcecode.swift; path = ComposableArchitecture.swift; sourceTree = "<group>"; };
		E27579892FD09CBE0083199D /* PreferencesView.swift */ = {isa = PBXFileReference; lastKnownFileType = sourcecode.swift; path = PreferencesView.swift; sourceTree = "<group>"; };
		E275798A2FD09CBE0083199D /* UnlockOverlayView.swift */ = {isa = PBXFileReference; lastKnownFileType = sourcecode.swift; path = UnlockOverlayView.swift; sourceTree = "<group>"; };
		E275798A2FD09CBE008319FA /* TestDimOverlayView.swift */ = {isa = PBXFileReference; lastKnownFileType = sourcecode.swift; path = TestDimOverlayView.swift; sourceTree = "<group>"; };
		E275798A2FD09CBE008319FB /* TestBlockOverlayView.swift */ = {isa = PBXFileReference; lastKnownFileType = sourcecode.swift; path = TestBlockOverlayView.swift; sourceTree = "<group>"; };
		E275798A2FD09CBE008319FC /* TestKeyboardBacklightOverlayView.swift */ = {isa = PBXFileReference; lastKnownFileType = sourcecode.swift; path = TestKeyboardBacklightOverlayView.swift; sourceTree = "<group>"; };
		E275798B2FD09CBE0083199D /* WipeDownFeature.swift */ = {isa = PBXFileReference; lastKnownFileType = sourcecode.swift; path = WipeDownFeature.swift; sourceTree = "<group>"; };
		E275798E2FD09CBE0083199D /* Assets.xcassets */ = {isa = PBXFileReference; lastKnownFileType = folder.assetcatalog; path = Assets.xcassets; sourceTree = "<group>"; };
		E30000000000000000000130 /* Localizable.xcstrings */ = {isa = PBXFileReference; lastKnownFileType = text.json.xcstrings; path = Localizable.xcstrings; sourceTree = "<group>"; };
		E27579902FD09CBE0083199D /* LockManager.swift */ = {isa = PBXFileReference; lastKnownFileType = sourcecode.swift; path = LockManager.swift; sourceTree = "<group>"; };
		E27579902FD09CBE008319FA /* LockTouchBarController.swift */ = {isa = PBXFileReference; lastKnownFileType = sourcecode.swift; path = LockTouchBarController.swift; sourceTree = "<group>"; };
		E27579902FD09CBE008319FB /* DisplayBrightnessController.swift */ = {isa = PBXFileReference; lastKnownFileType = sourcecode.swift; path = DisplayBrightnessController.swift; sourceTree = "<group>"; };
		E27579902FD09CBE008319FC /* KeyboardBrightnessController.swift */ = {isa = PBXFileReference; lastKnownFileType = sourcecode.swift; path = KeyboardBrightnessController.swift; sourceTree = "<group>"; };
		E27579922FD09CBE0083199D /* OverlayWindow.swift */ = {isa = PBXFileReference; lastKnownFileType = sourcecode.swift; path = OverlayWindow.swift; sourceTree = "<group>"; };
		E2AB24D12FD0803F000A4ACB /* WipeDown.app */ = {isa = PBXFileReference; explicitFileType = wrapper.application; includeInIndex = 0; path = WipeDown.app; sourceTree = BUILT_PRODUCTS_DIR; };
		E30000000000000000000101 /* LockSettingsFeature.swift */ = {isa = PBXFileReference; lastKnownFileType = sourcecode.swift; path = LockSettingsFeature.swift; sourceTree = "<group>"; };
		E30000000000000000000102 /* PreferencesFeature.swift */ = {isa = PBXFileReference; lastKnownFileType = sourcecode.swift; path = PreferencesFeature.swift; sourceTree = "<group>"; };
		E30000000000000000000103 /* AppSettingsFeature.swift */ = {isa = PBXFileReference; lastKnownFileType = sourcecode.swift; path = AppSettingsFeature.swift; sourceTree = "<group>"; };
		E30000000000000000000104 /* AboutFeature.swift */ = {isa = PBXFileReference; lastKnownFileType = sourcecode.swift; path = AboutFeature.swift; sourceTree = "<group>"; };
		E30000000000000000000106 /* LockSettingsView.swift */ = {isa = PBXFileReference; lastKnownFileType = sourcecode.swift; path = LockSettingsView.swift; sourceTree = "<group>"; };
		E30000000000000000000107 /* AppSettingsView.swift */ = {isa = PBXFileReference; lastKnownFileType = sourcecode.swift; path = AppSettingsView.swift; sourceTree = "<group>"; };
		E30000000000000000000108 /* AboutView.swift */ = {isa = PBXFileReference; lastKnownFileType = sourcecode.swift; path = AboutView.swift; sourceTree = "<group>"; };
		E30000000000000000000111 /* PreferencesSection.swift */ = {isa = PBXFileReference; lastKnownFileType = sourcecode.swift; path = PreferencesSection.swift; sourceTree = "<group>"; };
		E30000000000000000000113 /* GlassCard.swift */ = {isa = PBXFileReference; lastKnownFileType = sourcecode.swift; path = GlassCard.swift; sourceTree = "<group>"; };
		E30000000000000000000114 /* RowLayouts.swift */ = {isa = PBXFileReference; lastKnownFileType = sourcecode.swift; path = RowLayouts.swift; sourceTree = "<group>"; };
		E30000000000000000000117 /* ToggleRow.swift */ = {isa = PBXFileReference; lastKnownFileType = sourcecode.swift; path = ToggleRow.swift; sourceTree = "<group>"; };
		E30000000000000000000118 /* ButtonRow.swift */ = {isa = PBXFileReference; lastKnownFileType = sourcecode.swift; path = ButtonRow.swift; sourceTree = "<group>"; };
		E30000000000000000000119 /* SliderRow.swift */ = {isa = PBXFileReference; lastKnownFileType = sourcecode.swift; path = SliderRow.swift; sourceTree = "<group>"; };
/* End PBXFileReference section */

/* Begin PBXFrameworksBuildPhase section */
		E2AB24CE2FD0803F000A4ACB /* Frameworks */ = {
			isa = PBXFrameworksBuildPhase;
			buildActionMask = 2147483647;
			files = (
			);
			runOnlyForDeploymentPostprocessing = 0;
		};
/* End PBXFrameworksBuildPhase section */

/* Begin PBXGroup section */
		E27579862FD09CBE0083199D /* App */ = {
			isa = PBXGroup;
			children = (
				E27579852FD09CBE0083199D /* WipeDownApp.swift */,
			);
			path = App;
			sourceTree = "<group>";
		};
		E27579882FD09CBE0083199D /* Core */ = {
			isa = PBXGroup;
			children = (
				E27579872FD09CBE0083199D /* ComposableArchitecture.swift */,
				E27579872FD09CBE0083199F /* AppDefaults.swift */,
				E27579872FD09CBE0083199B /* AppTheme.swift */,
			);
			path = Core;
			sourceTree = "<group>";
		};
		E275798D2FD09CBE0083199D /* Features */ = {
			isa = PBXGroup;
			children = (
				E30100000000000000000001 /* Root */,
				E30100000000000000000002 /* Preferences */,
				E30100000000000000000003 /* LockSettings */,
				E30100000000000000000004 /* AppSettings */,
				E30100000000000000000005 /* About */,
				E30100000000000000000006 /* Overlay */,
			);
			path = Features;
			sourceTree = "<group>";
		};
		E275798F2FD09CBE0083199D /* Resources */ = {
			isa = PBXGroup;
			children = (
				E275798E2FD09CBE0083199D /* Assets.xcassets */,
				E30000000000000000000130 /* Localizable.xcstrings */,
			);
			path = Resources;
			sourceTree = "<group>";
		};
		E27579912FD09CBE0083199D /* Services */ = {
			isa = PBXGroup;
			children = (
				E27579902FD09CBE0083199D /* LockManager.swift */,
				E27579902FD09CBE008319FA /* LockTouchBarController.swift */,
				E27579902FD09CBE008319FB /* DisplayBrightnessController.swift */,
				E27579902FD09CBE008319FC /* KeyboardBrightnessController.swift */,
			);
			path = Services;
			sourceTree = "<group>";
		};
		E27579932FD09CBE0083199D /* UI */ = {
			isa = PBXGroup;
			children = (
				E27579922FD09CBE0083199D /* OverlayWindow.swift */,
				E30000000000000000000111 /* PreferencesSection.swift */,
				E30000000000000000000113 /* GlassCard.swift */,
				E30000000000000000000114 /* RowLayouts.swift */,
				E30000000000000000000117 /* ToggleRow.swift */,
				E30000000000000000000118 /* ButtonRow.swift */,
				E30000000000000000000119 /* SliderRow.swift */,
			);
			path = UI;
			sourceTree = "<group>";
		};
		E27579942FD09CBE0083199D /* WipeDown */ = {
			isa = PBXGroup;
			children = (
				E27579862FD09CBE0083199D /* App */,
				E27579882FD09CBE0083199D /* Core */,
				E275798D2FD09CBE0083199D /* Features */,
				E275798F2FD09CBE0083199D /* Resources */,
				E27579912FD09CBE0083199D /* Services */,
				E27579932FD09CBE0083199D /* UI */,
			);
			path = WipeDown;
			sourceTree = "<group>";
		};
		E2AB24C82FD0803F000A4ACB = {
			isa = PBXGroup;
			children = (
				E27579942FD09CBE0083199D /* WipeDown */,
				E2AB24D22FD0803F000A4ACB /* Products */,
			);
			sourceTree = "<group>";
		};
		E2AB24D22FD0803F000A4ACB /* Products */ = {
			isa = PBXGroup;
			children = (
				E2AB24D12FD0803F000A4ACB /* WipeDown.app */,
			);
			name = Products;
			sourceTree = "<group>";
		};
		E30100000000000000000001 /* Root */ = {
			isa = PBXGroup;
			children = (
				E275798B2FD09CBE0083199D /* WipeDownFeature.swift */,
			);
			path = Root;
			sourceTree = "<group>";
		};
		E30100000000000000000002 /* Preferences */ = {
			isa = PBXGroup;
			children = (
				E30000000000000000000102 /* PreferencesFeature.swift */,
				E27579892FD09CBE0083199D /* PreferencesView.swift */,
			);
			path = Preferences;
			sourceTree = "<group>";
		};
		E30100000000000000000003 /* LockSettings */ = {
			isa = PBXGroup;
			children = (
				E30000000000000000000101 /* LockSettingsFeature.swift */,
				E30000000000000000000106 /* LockSettingsView.swift */,
			);
			path = LockSettings;
			sourceTree = "<group>";
		};
		E30100000000000000000004 /* AppSettings */ = {
			isa = PBXGroup;
			children = (
				E30000000000000000000103 /* AppSettingsFeature.swift */,
				E30000000000000000000107 /* AppSettingsView.swift */,
			);
			path = AppSettings;
			sourceTree = "<group>";
		};
		E30100000000000000000005 /* About */ = {
			isa = PBXGroup;
			children = (
				E30000000000000000000104 /* AboutFeature.swift */,
				E30000000000000000000108 /* AboutView.swift */,
			);
			path = About;
			sourceTree = "<group>";
		};
		E30100000000000000000006 /* Overlay */ = {
			isa = PBXGroup;
			children = (
				E275798A2FD09CBE0083199D /* UnlockOverlayView.swift */,
				E275798A2FD09CBE008319FA /* TestDimOverlayView.swift */,
				E275798A2FD09CBE008319FB /* TestBlockOverlayView.swift */,
				E275798A2FD09CBE008319FC /* TestKeyboardBacklightOverlayView.swift */,
			);
			path = Overlay;
			sourceTree = "<group>";
		};
/* End PBXGroup section */

/* Begin PBXNativeTarget section */
		E2AB24D02FD0803F000A4ACB /* WipeDown */ = {
			isa = PBXNativeTarget;
			buildConfigurationList = E2AB24DC2FD08041000A4ACB /* Build configuration list for PBXNativeTarget "WipeDown" */;
			buildPhases = (
				E2AB24CD2FD0803F000A4ACB /* Sources */,
				E2AB24CE2FD0803F000A4ACB /* Frameworks */,
				E2AB24CF2FD0803F000A4ACB /* Resources */,
			);
			buildRules = (
			);
			dependencies = (
			);
			name = WipeDown;
			packageProductDependencies = (
			);
			productName = WipeDown;
			productReference = E2AB24D12FD0803F000A4ACB /* WipeDown.app */;
			productType = "com.apple.product-type.application";
		};
/* End PBXNativeTarget section */

/* Begin PBXProject section */
		E2AB24C92FD0803F000A4ACB /* Project object */ = {
			isa = PBXProject;
			attributes = {
				BuildIndependentTargetsInParallel = 1;
				LastSwiftUpdateCheck = 2640;
				LastUpgradeCheck = 2640;
				TargetAttributes = {
					E2AB24D02FD0803F000A4ACB = {
						CreatedOnToolsVersion = 26.4;
					};
				};
			};
			buildConfigurationList = E2AB24CC2FD0803F000A4ACB /* Build configuration list for PBXProject "WipeDown" */;
			developmentRegion = en;
			hasScannedForEncodings = 0;
			knownRegions = (
				en,
				Base,
			);
			mainGroup = E2AB24C82FD0803F000A4ACB;
			minimizedProjectReferenceProxies = 1;
			preferredProjectObjectVersion = 77;
			productRefGroup = E2AB24D22FD0803F000A4ACB /* Products */;
			projectDirPath = "";
			projectRoot = "";
			targets = (
				E2AB24D02FD0803F000A4ACB /* WipeDown */,
			);
		};
/* End PBXProject section */

/* Begin PBXResourcesBuildPhase section */
		E2AB24CF2FD0803F000A4ACB /* Resources */ = {
			isa = PBXResourcesBuildPhase;
			buildActionMask = 2147483647;
			files = (
				E275799C2FD09CBE0083199D /* Assets.xcassets in Resources */,
				E30000000000000000000030 /* Localizable.xcstrings in Resources */,
			);
			runOnlyForDeploymentPostprocessing = 0;
		};
/* End PBXResourcesBuildPhase section */

/* Begin PBXSourcesBuildPhase section */
		E2AB24CD2FD0803F000A4ACB /* Sources */ = {
			isa = PBXSourcesBuildPhase;
			buildActionMask = 2147483647;
			files = (
				E27579952FD09CBE0083199D /* WipeDownApp.swift in Sources */,
				E27579962FD09CBF0083199D /* AppDefaults.swift in Sources */,
				E27579962FD09CBF0083199A /* AppTheme.swift in Sources */,
				E27579962FD09CBE0083199D /* ComposableArchitecture.swift in Sources */,
				E27579972FD09CBE0083199D /* PreferencesView.swift in Sources */,
				E30000000000000000000002 /* PreferencesFeature.swift in Sources */,
				E30000000000000000000006 /* LockSettingsView.swift in Sources */,
				E30000000000000000000011 /* PreferencesSection.swift in Sources */,
				E30000000000000000000013 /* GlassCard.swift in Sources */,
				E30000000000000000000014 /* RowLayouts.swift in Sources */,
				E30000000000000000000017 /* ToggleRow.swift in Sources */,
				E30000000000000000000018 /* ButtonRow.swift in Sources */,
				E30000000000000000000019 /* SliderRow.swift in Sources */,
				E30000000000000000000001 /* LockSettingsFeature.swift in Sources */,
				E30000000000000000000007 /* AppSettingsView.swift in Sources */,
				E30000000000000000000003 /* AppSettingsFeature.swift in Sources */,
				E30000000000000000000008 /* AboutView.swift in Sources */,
				E30000000000000000000004 /* AboutFeature.swift in Sources */,
				E27579982FD09CBE0083199D /* UnlockOverlayView.swift in Sources */,
				E27579982FD09CBE008319FA /* TestDimOverlayView.swift in Sources */,
				E27579982FD09CBE008319FB /* TestBlockOverlayView.swift in Sources */,
				E27579982FD09CBE008319FC /* TestKeyboardBacklightOverlayView.swift in Sources */,
				E27579992FD09CBE0083199D /* WipeDownFeature.swift in Sources */,
				E275799A2FD09CBE0083199D /* LockManager.swift in Sources */,
				E275799A2FD09CBE008319FA /* LockTouchBarController.swift in Sources */,
				E275799A2FD09CBE008319FB /* DisplayBrightnessController.swift in Sources */,
				E275799A2FD09CBE008319FC /* KeyboardBrightnessController.swift in Sources */,
				E275799B2FD09CBE0083199D /* OverlayWindow.swift in Sources */,
			);
			runOnlyForDeploymentPostprocessing = 0;
		};
/* End PBXSourcesBuildPhase section */

/* Begin XCBuildConfiguration section */
		E2AB24DA2FD08041000A4ACB /* Debug */ = {
			isa = XCBuildConfiguration;
			buildSettings = {
				ALWAYS_SEARCH_USER_PATHS = NO;
				ASSETCATALOG_COMPILER_GENERATE_SWIFT_ASSET_SYMBOL_EXTENSIONS = YES;
				CLANG_ANALYZER_NONNULL = YES;
				CLANG_ANALYZER_NUMBER_OBJECT_CONVERSION = YES_AGGRESSIVE;
				CLANG_CXX_LANGUAGE_STANDARD = "gnu++20";
				CLANG_ENABLE_MODULES = YES;
				CLANG_ENABLE_OBJC_ARC = YES;
				CLANG_ENABLE_OBJC_WEAK = YES;
				CLANG_WARN_BLOCK_CAPTURE_AUTORELEASING = YES;
				CLANG_WARN_BOOL_CONVERSION = YES;
				CLANG_WARN_COMMA = YES;
				CLANG_WARN_CONSTANT_CONVERSION = YES;
				CLANG_WARN_DEPRECATED_OBJC_IMPLEMENTATIONS = YES;
				CLANG_WARN_DIRECT_OBJC_ISA_USAGE = YES_ERROR;
				CLANG_WARN_DOCUMENTATION_COMMENTS = YES;
				CLANG_WARN_EMPTY_BODY = YES;
				CLANG_WARN_ENUM_CONVERSION = YES;
				CLANG_WARN_INFINITE_RECURSION = YES;
				CLANG_WARN_INT_CONVERSION = YES;
				CLANG_WARN_NON_LITERAL_NULL_CONVERSION = YES;
				CLANG_WARN_OBJC_IMPLICIT_RETAIN_SELF = YES;
				CLANG_WARN_OBJC_LITERAL_CONVERSION = YES;
				CLANG_WARN_OBJC_ROOT_CLASS = YES_ERROR;
				CLANG_WARN_QUOTED_INCLUDE_IN_FRAMEWORK_HEADER = YES;
				CLANG_WARN_RANGE_LOOP_ANALYSIS = YES;
				CLANG_WARN_STRICT_PROTOTYPES = YES;
				CLANG_WARN_SUSPICIOUS_MOVE = YES;
				CLANG_WARN_UNGUARDED_AVAILABILITY = YES_AGGRESSIVE;
				CLANG_WARN_UNREACHABLE_CODE = YES;
				CLANG_WARN__DUPLICATE_METHOD_MATCH = YES;
				COPY_PHASE_STRIP = NO;
				DEBUG_INFORMATION_FORMAT = dwarf;
				DEVELOPMENT_TEAM = 9564C58XRS;
				ENABLE_STRICT_OBJC_MSGSEND = YES;
				ENABLE_TESTABILITY = YES;
				ENABLE_USER_SCRIPT_SANDBOXING = YES;
				GCC_C_LANGUAGE_STANDARD = gnu17;
				GCC_DYNAMIC_NO_PIC = NO;
				GCC_NO_COMMON_BLOCKS = YES;
				GCC_OPTIMIZATION_LEVEL = 0;
				GCC_PREPROCESSOR_DEFINITIONS = (
					"DEBUG=1",
					"$(inherited)",
				);
				GCC_WARN_64_TO_32_BIT_CONVERSION = YES;
				GCC_WARN_ABOUT_RETURN_TYPE = YES_ERROR;
				GCC_WARN_UNDECLARED_SELECTOR = YES;
				GCC_WARN_UNINITIALIZED_AUTOS = YES_AGGRESSIVE;
				GCC_WARN_UNUSED_FUNCTION = YES;
				GCC_WARN_UNUSED_VARIABLE = YES;
				LOCALIZATION_PREFERS_STRING_CATALOGS = YES;
				MACOSX_DEPLOYMENT_TARGET = 13.0;
				MTL_ENABLE_DEBUG_INFO = INCLUDE_SOURCE;
				MTL_FAST_MATH = YES;
				ONLY_ACTIVE_ARCH = YES;
				SDKROOT = macosx;
				SWIFT_ACTIVE_COMPILATION_CONDITIONS = "DEBUG $(inherited)";
				SWIFT_OPTIMIZATION_LEVEL = "-Onone";
			};
			name = Debug;
		};
		E2AB24DB2FD08041000A4ACB /* Release */ = {
			isa = XCBuildConfiguration;
			buildSettings = {
				ALWAYS_SEARCH_USER_PATHS = NO;
				ASSETCATALOG_COMPILER_GENERATE_SWIFT_ASSET_SYMBOL_EXTENSIONS = YES;
				CLANG_ANALYZER_NONNULL = YES;
				CLANG_ANALYZER_NUMBER_OBJECT_CONVERSION = YES_AGGRESSIVE;
				CLANG_CXX_LANGUAGE_STANDARD = "gnu++20";
				CLANG_ENABLE_MODULES = YES;
				CLANG_ENABLE_OBJC_ARC = YES;
				CLANG_ENABLE_OBJC_WEAK = YES;
				CLANG_WARN_BLOCK_CAPTURE_AUTORELEASING = YES;
				CLANG_WARN_BOOL_CONVERSION = YES;
				CLANG_WARN_COMMA = YES;
				CLANG_WARN_CONSTANT_CONVERSION = YES;
				CLANG_WARN_DEPRECATED_OBJC_IMPLEMENTATIONS = YES;
				CLANG_WARN_DIRECT_OBJC_ISA_USAGE = YES_ERROR;
				CLANG_WARN_DOCUMENTATION_COMMENTS = YES;
				CLANG_WARN_EMPTY_BODY = YES;
				CLANG_WARN_ENUM_CONVERSION = YES;
				CLANG_WARN_INFINITE_RECURSION = YES;
				CLANG_WARN_INT_CONVERSION = YES;
				CLANG_WARN_NON_LITERAL_NULL_CONVERSION = YES;
				CLANG_WARN_OBJC_IMPLICIT_RETAIN_SELF = YES;
				CLANG_WARN_OBJC_LITERAL_CONVERSION = YES;
				CLANG_WARN_OBJC_ROOT_CLASS = YES_ERROR;
				CLANG_WARN_QUOTED_INCLUDE_IN_FRAMEWORK_HEADER = YES;
				CLANG_WARN_RANGE_LOOP_ANALYSIS = YES;
				CLANG_WARN_STRICT_PROTOTYPES = YES;
				CLANG_WARN_SUSPICIOUS_MOVE = YES;
				CLANG_WARN_UNGUARDED_AVAILABILITY = YES_AGGRESSIVE;
				CLANG_WARN_UNREACHABLE_CODE = YES;
				CLANG_WARN__DUPLICATE_METHOD_MATCH = YES;
				COPY_PHASE_STRIP = NO;
				DEBUG_INFORMATION_FORMAT = "dwarf-with-dsym";
				DEVELOPMENT_TEAM = 9564C58XRS;
				ENABLE_NS_ASSERTIONS = NO;
				ENABLE_STRICT_OBJC_MSGSEND = YES;
				ENABLE_USER_SCRIPT_SANDBOXING = YES;
				GCC_C_LANGUAGE_STANDARD = gnu17;
				GCC_NO_COMMON_BLOCKS = YES;
				GCC_WARN_64_TO_32_BIT_CONVERSION = YES;
				GCC_WARN_ABOUT_RETURN_TYPE = YES_ERROR;
				GCC_WARN_UNDECLARED_SELECTOR = YES;
				GCC_WARN_UNINITIALIZED_AUTOS = YES_AGGRESSIVE;
				GCC_WARN_UNUSED_FUNCTION = YES;
				GCC_WARN_UNUSED_VARIABLE = YES;
				LOCALIZATION_PREFERS_STRING_CATALOGS = YES;
				MACOSX_DEPLOYMENT_TARGET = 13.0;
				MTL_ENABLE_DEBUG_INFO = NO;
				MTL_FAST_MATH = YES;
				SDKROOT = macosx;
				SWIFT_COMPILATION_MODE = wholemodule;
			};
			name = Release;
		};
		E2AB24DD2FD08041000A4ACB /* Debug */ = {
			isa = XCBuildConfiguration;
			buildSettings = {
				ASSETCATALOG_COMPILER_APPICON_NAME = AppIcon;
				ASSETCATALOG_COMPILER_GLOBAL_ACCENT_COLOR_NAME = AccentColor;
				CODE_SIGN_STYLE = Automatic;
				COMBINE_HIDPI_IMAGES = YES;
				CURRENT_PROJECT_VERSION = 2;
				DEVELOPMENT_TEAM = 9564C58XRS;
				ENABLE_APP_SANDBOX = NO;
				ENABLE_HARDENED_RUNTIME = YES;
				ENABLE_PREVIEWS = YES;
				ENABLE_USER_SELECTED_FILES = readonly;
				GENERATE_INFOPLIST_FILE = YES;
				INFOPLIST_KEY_NSHumanReadableCopyright = "";
				LD_RUNPATH_SEARCH_PATHS = (
					"$(inherited)",
					"@executable_path/../Frameworks",
				);
				INFOPLIST_KEY_CFBundleDisplayName = "WipeDown Debug";
				MARKETING_VERSION = 1.1;
				PRODUCT_BUNDLE_IDENTIFIER = com.latyn.WipeDown.debug;
				PRODUCT_NAME = "$(TARGET_NAME)";
				REGISTER_APP_GROUPS = YES;
				STRING_CATALOG_GENERATE_SYMBOLS = YES;
				SWIFT_APPROACHABLE_CONCURRENCY = YES;
				SWIFT_DEFAULT_ACTOR_ISOLATION = MainActor;
				SWIFT_EMIT_LOC_STRINGS = YES;
				SWIFT_UPCOMING_FEATURE_MEMBER_IMPORT_VISIBILITY = YES;
				SWIFT_VERSION = 5.0;
			};
			name = Debug;
		};
		E2AB24DE2FD08041000A4ACB /* Release */ = {
			isa = XCBuildConfiguration;
			buildSettings = {
				ASSETCATALOG_COMPILER_APPICON_NAME = AppIcon;
				ASSETCATALOG_COMPILER_GLOBAL_ACCENT_COLOR_NAME = AccentColor;
				CODE_SIGN_STYLE = Automatic;
				COMBINE_HIDPI_IMAGES = YES;
				CURRENT_PROJECT_VERSION = 2;
				DEVELOPMENT_TEAM = 9564C58XRS;
				ENABLE_APP_SANDBOX = NO;
				ENABLE_HARDENED_RUNTIME = YES;
				ENABLE_PREVIEWS = YES;
				ENABLE_USER_SELECTED_FILES = readonly;
				GENERATE_INFOPLIST_FILE = YES;
				INFOPLIST_KEY_NSHumanReadableCopyright = "";
				LD_RUNPATH_SEARCH_PATHS = (
					"$(inherited)",
					"@executable_path/../Frameworks",
				);
				MARKETING_VERSION = 1.1;
				PRODUCT_BUNDLE_IDENTIFIER = com.latyn.WipeDown;
				PRODUCT_NAME = "$(TARGET_NAME)";
				REGISTER_APP_GROUPS = YES;
				STRING_CATALOG_GENERATE_SYMBOLS = YES;
				SWIFT_APPROACHABLE_CONCURRENCY = YES;
				SWIFT_DEFAULT_ACTOR_ISOLATION = MainActor;
				SWIFT_EMIT_LOC_STRINGS = YES;
				SWIFT_UPCOMING_FEATURE_MEMBER_IMPORT_VISIBILITY = YES;
				SWIFT_VERSION = 5.0;
			};
			name = Release;
		};
/* End XCBuildConfiguration section */

/* Begin XCConfigurationList section */
		E2AB24CC2FD0803F000A4ACB /* Build configuration list for PBXProject "WipeDown" */ = {
			isa = XCConfigurationList;
			buildConfigurations = (
				E2AB24DA2FD08041000A4ACB /* Debug */,
				E2AB24DB2FD08041000A4ACB /* Release */,
			);
			defaultConfigurationIsVisible = 0;
			defaultConfigurationName = Release;
		};
		E2AB24DC2FD08041000A4ACB /* Build configuration list for PBXNativeTarget "WipeDown" */ = {
			isa = XCConfigurationList;
			buildConfigurations = (
				E2AB24DD2FD08041000A4ACB /* Debug */,
				E2AB24DE2FD08041000A4ACB /* Release */,
			);
			defaultConfigurationIsVisible = 0;
			defaultConfigurationName = Release;
		};
/* End XCConfigurationList section */
	};
	rootObject = E2AB24C92FD0803F000A4ACB /* Project object */;
}
